
Microsoft Visual Studio Solution File, Format Version 12.00
# Visual Studio Version 16
VisualStudioVersion = 16.0.30320.27
MinimumVisualStudioVersion = 10.0.40219.1
Project("{FAE04EC0-301F-11D3-BF4B-00C04F79EFBC}") = "InterfaceTest", "InterfaceTest\InterfaceTest.csproj", "{87E72248-EAC9-4F5C-9652-F4D2724CCCA3}"
EndProject
Global
	GlobalSection(SolutionConfigurationPlatforms) = preSolution
		Debug|Any CPU = Debug|Any CPU
		Release|Any CPU = Release|Any CPU
	EndGlobalSection
	GlobalSection(ProjectConfigurationPlatforms) = postSolution
		{87E72248-EAC9-4F5C-9652-F4D2724CCCA3}.Debug|Any CPU.ActiveCfg = Debug|Any CPU
		{87E72248-EAC9-4F5C-9652-F4D2724CCCA3}.Debug|Any CPU.Build.0 = Debug|Any CPU
		{87E72248-EAC9-4F5C-9652-F4D2724CCCA3}.Release|Any CPU.ActiveCfg = Release|Any CPU
		{87E72248-EAC9-4F5C-9652-F4D2724CCCA3}.Release|Any CPU.Build.0 = Release|Any CPU
	EndGlobalSection
	GlobalSection(SolutionProperties) = preSolution
		HideSolutionNode = FALSE
	EndGlobalSection
	GlobalSection(ExtensibilityGlobals) = postSolution
		SolutionGuid = {4269634B-ABFD-4768-902C-5E51C9C34635}
	EndGlobalSection
EndGlobal
